{
  "pins" : [
    {
      "identity" : "swift-syntax",
      "kind" : "remoteSourceControl",
      "location" : "https://github.com/apple/swift-syntax.git",
      "state" : {
        "revision" : "43c802fb7f96e090dde015344a94b5e85779eff1",
        "version" : "509.1.0"
      }
    },
    {
      "identity" : "swiftformat",
      "kind" : "remoteSourceControl",
      "location" : "https://github.com/nicklockwood/SwiftFormat",
      "state" : {
        "revision" : "ad7707bd34a33fa64a2c593c53deaa7d7469e2f0",
        "version" : "0.52.11"
      }
    }
  ],
  "version" : 2
}
